--- 
dependencies: 
  rspec: 
    group: 
    - :test
    version: ~> 2.0.0.beta.4
  rack-test: 
    group: 
    - :test
    version: ">= 0"
    require: 
    - rack/test
specs: 
- rack: 
    version: 1.1.0
- rack-test: 
    version: 0.5.3
- rspec-core: 
    version: 2.0.0.beta.6
- rspec-expectations: 
    version: 2.0.0.beta.6
- rspec-mocks: 
    version: 2.0.0.beta.6
- rspec: 
    version: 2.0.0.beta.6
hash: e1a7d3a8dbf2361a815fd7cf7932e0aefc4156fe
sources: 
- Rubygems: 
    uri: http://rubygems.org
